// !$*UTF8*$!
{
	archiveVersion = 1;
	classes = {
	};
	objectVersion = 55;
	objects = {

/* Begin PBXBuildFile section */
		C817E2B1276A65EA005F47E9 /* AppView.swift in Sources */ = {isa = PBXBuildFile; fileRef = C817E2B0276A65EA005F47E9 /* AppView.swift */; };
		C817E2B3276A6B62005F47E9 /* SettingsView.swift in Sources */ = {isa = PBXBuildFile; fileRef = C817E2B2276A6B62005F47E9 /* SettingsView.swift */; };
		C817E2B5276B5DF5005F47E9 /* MapView.swift in Sources */ = {isa = PBXBuildFile; fileRef = C817E2B4276B5DF5005F47E9 /* MapView.swift */; };
		C817E2B7276B5E20005F47E9 /* Result.swift in Sources */ = {isa = PBXBuildFile; fileRef = C817E2B6276B5E20005F47E9 /* Result.swift */; };
		C84ED0E8276B95340043FD2A /* AppView-ViewModel.swift in Sources */ = {isa = PBXBuildFile; fileRef = C84ED0E7276B95340043FD2A /* AppView-ViewModel.swift */; };
		C8DC1CE7276893140003F01F /* Bucket_ListApp.swift in Sources */ = {isa = PBXBuildFile; fileRef = C8DC1CE6276893140003F01F /* Bucket_ListApp.swift */; };
		C8DC1CE9276893140003F01F /* ContentView.swift in Sources */ = {isa = PBXBuildFile; fileRef = C8DC1CE8276893140003F01F /* ContentView.swift */; };
		C8DC1CEB276893160003F01F /* Assets.xcassets in Resources */ = {isa = PBXBuildFile; fileRef = C8DC1CEA276893160003F01F /* Assets.xcassets */; };
		C8DC1CEE276893160003F01F /* Preview Assets.xcassets in Resources */ = {isa = PBXBuildFile; fileRef = C8DC1CED276893160003F01F /* Preview Assets.xcassets */; };
		C8DC1CF527689A3B0003F01F /* FileManager-DocumentsDirectory.swift in Sources */ = {isa = PBXBuildFile; fileRef = C8DC1CF427689A3B0003F01F /* FileManager-DocumentsDirectory.swift */; };
		C8FE4E4E2769E3FA00EC53EA /* Location.swift in Sources */ = {isa = PBXBuildFile; fileRef = C8FE4E4D2769E3FA00EC53EA /* Location.swift */; };
		C8FE4E512769EE1A00EC53EA /* EditView.swift in Sources */ = {isa = PBXBuildFile; fileRef = C8FE4E502769EE1A00EC53EA /* EditView.swift */; };
		C8FE4E54276A589500EC53EA /* AuthenticateView.swift in Sources */ = {isa = PBXBuildFile; fileRef = C8FE4E53276A589500EC53EA /* AuthenticateView.swift */; };
/* End PBXBuildFile section */

/* Begin PBXFileReference section */
		C817E2B0276A65EA005F47E9 /* AppView.swift */ = {isa = PBXFileReference; lastKnownFileType = sourcecode.swift; path = AppView.swift; sourceTree = "<group>"; };
		C817E2B2276A6B62005F47E9 /* SettingsView.swift */ = {isa = PBXFileReference; lastKnownFileType = sourcecode.swift; path = SettingsView.swift; sourceTree = "<group>"; };
		C817E2B4276B5DF5005F47E9 /* MapView.swift */ = {isa = PBXFileReference; lastKnownFileType = sourcecode.swift; path = MapView.swift; sourceTree = "<group>"; };
		C817E2B6276B5E20005F47E9 /* Result.swift */ = {isa = PBXFileReference; lastKnownFileType = sourcecode.swift; path = Result.swift; sourceTree = "<group>"; };
		C84ED0E7276B95340043FD2A /* AppView-ViewModel.swift */ = {isa = PBXFileReference; lastKnownFileType = sourcecode.swift; path = "AppView-ViewModel.swift"; sourceTree = "<group>"; };
		C8DC1CE3276893140003F01F /* Bucket List.app */ = {isa = PBXFileReference; explicitFileType = wrapper.application; includeInIndex = 0; path = "Bucket List.app"; sourceTree = BUILT_PRODUCTS_DIR; };
		C8DC1CE6276893140003F01F /* Bucket_ListApp.swift */ = {isa = PBXFileReference; lastKnownFileType = sourcecode.swift; path = Bucket_ListApp.swift; sourceTree = "<group>"; };
		C8DC1CE8276893140003F01F /* ContentView.swift */ = {isa = PBXFileReference; lastKnownFileType = sourcecode.swift; path = ContentView.swift; sourceTree = "<group>"; };
		C8DC1CEA276893160003F01F /* Assets.xcassets */ = {isa = PBXFileReference; lastKnownFileType = folder.assetcatalog; path = Assets.xcassets; sourceTree = "<group>"; };
		C8DC1CED276893160003F01F /* Preview Assets.xcassets */ = {isa = PBXFileReference; lastKnownFileType = folder.assetcatalog; path = "Preview Assets.xcassets"; sourceTree = "<group>"; };
		C8DC1CF427689A3B0003F01F /* FileManager-DocumentsDirectory.swift */ = {isa = PBXFileReference; lastKnownFileType = sourcecode.swift; path = "FileManager-DocumentsDirectory.swift"; sourceTree = "<group>"; };
		C8FE4E4D2769E3FA00EC53EA /* Location.swift */ = {isa = PBXFileReference; lastKnownFileType = sourcecode.swift; path = Location.swift; sourceTree = "<group>"; };
		C8FE4E4F2769E57200EC53EA /* Bucket-List-Info.plist */ = {isa = PBXFileReference; lastKnownFileType = text.plist; path = "Bucket-List-Info.plist"; sourceTree = SOURCE_ROOT; };
		C8FE4E502769EE1A00EC53EA /* EditView.swift */ = {isa = PBXFileReference; lastKnownFileType = sourcecode.swift; path = EditView.swift; sourceTree = "<group>"; };
		C8FE4E53276A589500EC53EA /* AuthenticateView.swift */ = {isa = PBXFileReference; lastKnownFileType = sourcecode.swift; path = AuthenticateView.swift; sourceTree = "<group>"; };
/* End PBXFileReference section */

/* Begin PBXFrameworksBuildPhase section */
		C8DC1CE0276893140003F01F /* Frameworks */ = {
			isa = PBXFrameworksBuildPhase;
			buildActionMask = 2147483647;
			files = (
			);
			runOnlyForDeploymentPostprocessing = 0;
		};
/* End PBXFrameworksBuildPhase section */

/* Begin PBXGroup section */
		C8DC1CDA276893140003F01F = {
			isa = PBXGroup;
			children = (
				C8DC1CE5276893140003F01F /* Bucket List */,
				C8DC1CE4276893140003F01F /* Products */,
			);
			sourceTree = "<group>";
		};
		C8DC1CE4276893140003F01F /* Products */ = {
			isa = PBXGroup;
			children = (
				C8DC1CE3276893140003F01F /* Bucket List.app */,
			);
			name = Products;
			sourceTree = "<group>";
		};
		C8DC1CE5276893140003F01F /* Bucket List */ = {
			isa = PBXGroup;
			children = (
				C8DC1CF427689A3B0003F01F /* FileManager-DocumentsDirectory.swift */,
				C8FE4E52276A587E00EC53EA /* Views */,
				C8DC1CE6276893140003F01F /* Bucket_ListApp.swift */,
				C8DC1CE8276893140003F01F /* ContentView.swift */,
				C84ED0E7276B95340043FD2A /* AppView-ViewModel.swift */,
				C8DC1CEA276893160003F01F /* Assets.xcassets */,
				C8FE4E4F2769E57200EC53EA /* Bucket-List-Info.plist */,
				C8DC1CEC276893160003F01F /* Preview Content */,
			);
			path = "Bucket List";
			sourceTree = "<group>";
		};
		C8DC1CEC276893160003F01F /* Preview Content */ = {
			isa = PBXGroup;
			children = (
				C8DC1CED276893160003F01F /* Preview Assets.xcassets */,
			);
			path = "Preview Content";
			sourceTree = "<group>";
		};
		C8FE4E52276A587E00EC53EA /* Views */ = {
			isa = PBXGroup;
			children = (
				C817E2B0276A65EA005F47E9 /* AppView.swift */,
				C817E2B6276B5E20005F47E9 /* Result.swift */,
				C817E2B4276B5DF5005F47E9 /* MapView.swift */,
				C817E2B2276A6B62005F47E9 /* SettingsView.swift */,
				C8FE4E502769EE1A00EC53EA /* EditView.swift */,
				C8FE4E4D2769E3FA00EC53EA /* Location.swift */,
				C8FE4E53276A589500EC53EA /* AuthenticateView.swift */,
			);
			path = Views;
			sourceTree = "<group>";
		};
/* End PBXGroup section */

/* Begin PBXNativeTarget section */
		C8DC1CE2276893140003F01F /* Bucket List */ = {
			isa = PBXNativeTarget;
			buildConfigurationList = C8DC1CF1276893160003F01F /* Build configuration list for PBXNativeTarget "Bucket List" */;
			buildPhases = (
				C8DC1CDF276893140003F01F /* Sources */,
				C8DC1CE0276893140003F01F /* Frameworks */,
				C8DC1CE1276893140003F01F /* Resources */,
			);
			buildRules = (
			);
			dependencies = (
			);
			name = "Bucket List";
			productName = "Bucket List";
			productReference = C8DC1CE3276893140003F01F /* Bucket List.app */;
			productType = "com.apple.product-type.application";
		};
/* End PBXNativeTarget section */

/* Begin PBXProject section */
		C8DC1CDB276893140003F01F /* Project object */ = {
			isa = PBXProject;
			attributes = {
				BuildIndependentTargetsInParallel = 1;
				LastSwiftUpdateCheck = 1310;
				LastUpgradeCheck = 1310;
				TargetAttributes = {
					C8DC1CE2276893140003F01F = {
						CreatedOnToolsVersion = 13.1;
					};
				};
			};
			buildConfigurationList = C8DC1CDE276893140003F01F /* Build configuration list for PBXProject "Bucket List" */;
			compatibilityVersion = "Xcode 13.0";
			developmentRegion = en;
			hasScannedForEncodings = 0;
			knownRegions = (
				en,
				Base,
			);
			mainGroup = C8DC1CDA276893140003F01F;
			productRefGroup = C8DC1CE4276893140003F01F /* Products */;
			projectDirPath = "";
			projectRoot = "";
			targets = (
				C8DC1CE2276893140003F01F /* Bucket List */,
			);
		};
/* End PBXProject section */

/* Begin PBXResourcesBuildPhase section */
		C8DC1CE1276893140003F01F /* Resources */ = {
			isa = PBXResourcesBuildPhase;
			buildActionMask = 2147483647;
			files = (
				C8DC1CEE276893160003F01F /* Preview Assets.xcassets in Resources */,
				C8DC1CEB276893160003F01F /* Assets.xcassets in Resources */,
			);
			runOnlyForDeploymentPostprocessing = 0;
		};
/* End PBXResourcesBuildPhase section */

/* Begin PBXSourcesBuildPhase section */
		C8DC1CDF276893140003F01F /* Sources */ = {
			isa = PBXSourcesBuildPhase;
			buildActionMask = 2147483647;
			files = (
				C817E2B1276A65EA005F47E9 /* AppView.swift in Sources */,
				C817E2B3276A6B62005F47E9 /* SettingsView.swift in Sources */,
				C8FE4E54276A589500EC53EA /* AuthenticateView.swift in Sources */,
				C8DC1CE9276893140003F01F /* ContentView.swift in Sources */,
				C8FE4E512769EE1A00EC53EA /* EditView.swift in Sources */,
				C8DC1CF527689A3B0003F01F /* FileManager-DocumentsDirectory.swift in Sources */,
				C817E2B7276B5E20005F47E9 /* Result.swift in Sources */,
				C84ED0E8276B95340043FD2A /* AppView-ViewModel.swift in Sources */,
				C8FE4E4E2769E3FA00EC53EA /* Location.swift in Sources */,
				C817E2B5276B5DF5005F47E9 /* MapView.swift in Sources */,
				C8DC1CE7276893140003F01F /* Bucket_ListApp.swift in Sources */,
			);
			runOnlyForDeploymentPostprocessing = 0;
		};
/* End PBXSourcesBuildPhase section */

/* Begin XCBuildConfiguration section */
		C8DC1CEF276893160003F01F /* Debug */ = {
			isa = XCBuildConfiguration;
			buildSettings = {
				ALWAYS_SEARCH_USER_PATHS = NO;
				CLANG_ANALYZER_NONNULL = YES;
				CLANG_ANALYZER_NUMBER_OBJECT_CONVERSION = YES_AGGRESSIVE;
				CLANG_CXX_LANGUAGE_STANDARD = "gnu++17";
				CLANG_CXX_LIBRARY = "libc++";
				CLANG_ENABLE_MODULES = YES;
				CLANG_ENABLE_OBJC_ARC = YES;
				CLANG_ENABLE_OBJC_WEAK = YES;
				CLANG_WARN_BLOCK_CAPTURE_AUTORELEASING = YES;
				CLANG_WARN_BOOL_CONVERSION = YES;
				CLANG_WARN_COMMA = YES;
				CLANG_WARN_CONSTANT_CONVERSION = YES;
				CLANG_WARN_DEPRECATED_OBJC_IMPLEMENTATIONS = YES;
				CLANG_WARN_DIRECT_OBJC_ISA_USAGE = YES_ERROR;
				CLANG_WARN_DOCUMENTATION_COMMENTS = YES;
				CLANG_WARN_EMPTY_BODY = YES;
				CLANG_WARN_ENUM_CONVERSION = YES;
				CLANG_WARN_INFINITE_RECURSION = YES;
				CLANG_WARN_INT_CONVERSION = YES;
				CLANG_WARN_NON_LITERAL_NULL_CONVERSION = YES;
				CLANG_WARN_OBJC_IMPLICIT_RETAIN_SELF = YES;
				CLANG_WARN_OBJC_LITERAL_CONVERSION = YES;
				CLANG_WARN_OBJC_ROOT_CLASS = YES_ERROR;
				CLANG_WARN_QUOTED_INCLUDE_IN_FRAMEWORK_HEADER = YES;
				CLANG_WARN_RANGE_LOOP_ANALYSIS = YES;
				CLANG_WARN_STRICT_PROTOTYPES = YES;
				CLANG_WARN_SUSPICIOUS_MOVE = YES;
				CLANG_WARN_UNGUARDED_AVAILABILITY = YES_AGGRESSIVE;
				CLANG_WARN_UNREACHABLE_CODE = YES;
				CLANG_WARN__DUPLICATE_METHOD_MATCH = YES;
				COPY_PHASE_STRIP = NO;
				DEBUG_INFORMATION_FORMAT = dwarf;
				ENABLE_STRICT_OBJC_MSGSEND = YES;
				ENABLE_TESTABILITY = YES;
				GCC_C_LANGUAGE_STANDARD = gnu11;
				GCC_DYNAMIC_NO_PIC = NO;
				GCC_NO_COMMON_BLOCKS = YES;
				GCC_OPTIMIZATION_LEVEL = 0;
				GCC_PREPROCESSOR_DEFINITIONS = (
					"DEBUG=1",
					"$(inherited)",
				);
				GCC_WARN_64_TO_32_BIT_CONVERSION = YES;
				GCC_WARN_ABOUT_RETURN_TYPE = YES_ERROR;
				GCC_WARN_UNDECLARED_SELECTOR = YES;
				GCC_WARN_UNINITIALIZED_AUTOS = YES_AGGRESSIVE;
				GCC_WARN_UNUSED_FUNCTION = YES;
				GCC_WARN_UNUSED_VARIABLE = YES;
				IPHONEOS_DEPLOYMENT_TARGET = 15.0;
				MTL_ENABLE_DEBUG_INFO = INCLUDE_SOURCE;
				MTL_FAST_MATH = YES;
				ONLY_ACTIVE_ARCH = YES;
				SDKROOT = iphoneos;
				SWIFT_ACTIVE_COMPILATION_CONDITIONS = DEBUG;
				SWIFT_OPTIMIZATION_LEVEL = "-Onone";
			};
			name = Debug;
		};
		C8DC1CF0276893160003F01F /* Release */ = {
			isa = XCBuildConfiguration;
			buildSettings = {
				ALWAYS_SEARCH_USER_PATHS = NO;
				CLANG_ANALYZER_NONNULL = YES;
				CLANG_ANALYZER_NUMBER_OBJECT_CONVERSION = YES_AGGRESSIVE;
				CLANG_CXX_LANGUAGE_STANDARD = "gnu++17";
				CLANG_CXX_LIBRARY = "libc++";
				CLANG_ENABLE_MODULES = YES;
				CLANG_ENABLE_OBJC_ARC = YES;
				CLANG_ENABLE_OBJC_WEAK = YES;
				CLANG_WARN_BLOCK_CAPTURE_AUTORELEASING = YES;
				CLANG_WARN_BOOL_CONVERSION = YES;
				CLANG_WARN_COMMA = YES;
				CLANG_WARN_CONSTANT_CONVERSION = YES;
				CLANG_WARN_DEPRECATED_OBJC_IMPLEMENTATIONS = YES;
				CLANG_WARN_DIRECT_OBJC_ISA_USAGE = YES_ERROR;
				CLANG_WARN_DOCUMENTATION_COMMENTS = YES;
				CLANG_WARN_EMPTY_BODY = YES;
				CLANG_WARN_ENUM_CONVERSION = YES;
				CLANG_WARN_INFINITE_RECURSION = YES;
				CLANG_WARN_INT_CONVERSION = YES;
				CLANG_WARN_NON_LITERAL_NULL_CONVERSION = YES;
				CLANG_WARN_OBJC_IMPLICIT_RETAIN_SELF = YES;
				CLANG_WARN_OBJC_LITERAL_CONVERSION = YES;
				CLANG_WARN_OBJC_ROOT_CLASS = YES_ERROR;
				CLANG_WARN_QUOTED_INCLUDE_IN_FRAMEWORK_HEADER = YES;
				CLANG_WARN_RANGE_LOOP_ANALYSIS = YES;
				CLANG_WARN_STRICT_PROTOTYPES = YES;
				CLANG_WARN_SUSPICIOUS_MOVE = YES;
				CLANG_WARN_UNGUARDED_AVAILABILITY = YES_AGGRESSIVE;
				CLANG_WARN_UNREACHABLE_CODE = YES;
				CLANG_WARN__DUPLICATE_METHOD_MATCH = YES;
				COPY_PHASE_STRIP = NO;
				DEBUG_INFORMATION_FORMAT = "dwarf-with-dsym";
				ENABLE_NS_ASSERTIONS = NO;
				ENABLE_STRICT_OBJC_MSGSEND = YES;
				GCC_C_LANGUAGE_STANDARD = gnu11;
				GCC_NO_COMMON_BLOCKS = YES;
				GCC_WARN_64_TO_32_BIT_CONVERSION = YES;
				GCC_WARN_ABOUT_RETURN_TYPE = YES_ERROR;
				GCC_WARN_UNDECLARED_SELECTOR = YES;
				GCC_WARN_UNINITIALIZED_AUTOS = YES_AGGRESSIVE;
				GCC_WARN_UNUSED_FUNCTION = YES;
				GCC_WARN_UNUSED_VARIABLE = YES;
				IPHONEOS_DEPLOYMENT_TARGET = 15.0;
				MTL_ENABLE_DEBUG_INFO = NO;
				MTL_FAST_MATH = YES;
				SDKROOT = iphoneos;
				SWIFT_COMPILATION_MODE = wholemodule;
				SWIFT_OPTIMIZATION_LEVEL = "-O";
				VALIDATE_PRODUCT = YES;
			};
			name = Release;
		};
		C8DC1CF2276893160003F01F /* Debug */ = {
			isa = XCBuildConfiguration;
			buildSettings = {
				ASSETCATALOG_COMPILER_APPICON_NAME = AppIcon;
				ASSETCATALOG_COMPILER_GLOBAL_ACCENT_COLOR_NAME = AccentColor;
				CODE_SIGN_STYLE = Automatic;
				CURRENT_PROJECT_VERSION = 1;
				DEVELOPMENT_ASSET_PATHS = "\"Bucket List/Preview Content\"";
				DEVELOPMENT_TEAM = 7AGNJTPT6V;
				ENABLE_PREVIEWS = YES;
				GENERATE_INFOPLIST_FILE = YES;
				INFOPLIST_FILE = "Bucket-List-Info.plist";
				INFOPLIST_KEY_NSFaceIDUsageDescription = "We need to unlock your data.";
				INFOPLIST_KEY_UIApplicationSceneManifest_Generation = YES;
				INFOPLIST_KEY_UIApplicationSupportsIndirectInputEvents = YES;
				INFOPLIST_KEY_UILaunchScreen_Generation = YES;
				INFOPLIST_KEY_UISupportedInterfaceOrientations_iPad = "UIInterfaceOrientationPortrait UIInterfaceOrientationPortraitUpsideDown UIInterfaceOrientationLandscapeLeft UIInterfaceOrientationLandscapeRight";
				INFOPLIST_KEY_UISupportedInterfaceOrientations_iPhone = "UIInterfaceOrientationPortrait UIInterfaceOrientationLandscapeLeft UIInterfaceOrientationLandscapeRight";
				LD_RUNPATH_SEARCH_PATHS = (
					"$(inherited)",
					"@executable_path/Frameworks",
				);
				MARKETING_VERSION = 1.0;
				PRODUCT_BUNDLE_IDENTIFIER = "me.kuba.milcarz.Bucket-List";
				PRODUCT_NAME = "$(TARGET_NAME)";
				SWIFT_EMIT_LOC_STRINGS = YES;
				SWIFT_VERSION = 5.0;
				TARGETED_DEVICE_FAMILY = "1,2";
			};
			name = Debug;
		};
		C8DC1CF3276893160003F01F /* Release */ = {
			isa = XCBuildConfiguration;
			buildSettings = {
				ASSETCATALOG_COMPILER_APPICON_NAME = AppIcon;
				ASSETCATALOG_COMPILER_GLOBAL_ACCENT_COLOR_NAME = AccentColor;
				CODE_SIGN_STYLE = Automatic;
				CURRENT_PROJECT_VERSION = 1;
				DEVELOPMENT_ASSET_PATHS = "\"Bucket List/Preview Content\"";
				DEVELOPMENT_TEAM = 7AGNJTPT6V;
				ENABLE_PREVIEWS = YES;
				GENERATE_INFOPLIST_FILE = YES;
				INFOPLIST_FILE = "Bucket-List-Info.plist";
				INFOPLIST_KEY_NSFaceIDUsageDescription = "We need to unlock your data.";
				INFOPLIST_KEY_UIApplicationSceneManifest_Generation = YES;
				INFOPLIST_KEY_UIApplicationSupportsIndirectInputEvents = YES;
				INFOPLIST_KEY_UILaunchScreen_Generation = YES;
				INFOPLIST_KEY_UISupportedInterfaceOrientations_iPad = "UIInterfaceOrientationPortrait UIInterfaceOrientationPortraitUpsideDown UIInterfaceOrientationLandscapeLeft UIInterfaceOrientationLandscapeRight";
				INFOPLIST_KEY_UISupportedInterfaceOrientations_iPhone = "UIInterfaceOrientationPortrait UIInterfaceOrientationLandscapeLeft UIInterfaceOrientationLandscapeRight";
				LD_RUNPATH_SEARCH_PATHS = (
					"$(inherited)",
					"@executable_path/Frameworks",
				);
				MARKETING_VERSION = 1.0;
				PRODUCT_BUNDLE_IDENTIFIER = "me.kuba.milcarz.Bucket-List";
				PRODUCT_NAME = "$(TARGET_NAME)";
				SWIFT_EMIT_LOC_STRINGS = YES;
				SWIFT_VERSION = 5.0;
				TARGETED_DEVICE_FAMILY = "1,2";
			};
			name = Release;
		};
/* End XCBuildConfiguration section */

/* Begin XCConfigurationList section */
		C8DC1CDE276893140003F01F /* Build configuration list for PBXProject "Bucket List" */ = {
			isa = XCConfigurationList;
			buildConfigurations = (
				C8DC1CEF276893160003F01F /* Debug */,
				C8DC1CF0276893160003F01F /* Release */,
			);
			defaultConfigurationIsVisible = 0;
			defaultConfigurationName = Release;
		};
		C8DC1CF1276893160003F01F /* Build configuration list for PBXNativeTarget "Bucket List" */ = {
			isa = XCConfigurationList;
			buildConfigurations = (
				C8DC1CF2276893160003F01F /* Debug */,
				C8DC1CF3276893160003F01F /* Release */,
			);
			defaultConfigurationIsVisible = 0;
			defaultConfigurationName = Release;
		};
/* End XCConfigurationList section */
	};
	rootObject = C8DC1CDB276893140003F01F /* Project object */;
}
